
Microsoft Visual Studio Solution File, Format Version 12.00
# Visual Studio 2013
VisualStudioVersion = 12.0.40629.0
MinimumVisualStudioVersion = 10.0.40219.1
Project("{FAE04EC0-301F-11D3-BF4B-00C04F79EFBC}") = "Provider.Forms", "Provider.Forms\Provider.Forms.csproj", "{AFA53C5D-FCC3-474A-BCE1-50FF9D97B82E}"
	ProjectSection(ProjectDependencies) = postProject
		{F9A49EA3-2C6A-4F7E-A9AC-8D4FC874BD78} = {F9A49EA3-2C6A-4F7E-A9AC-8D4FC874BD78}
		{8CD028F5-3F76-41E8-9A2C-2EDAB7335571} = {8CD028F5-3F76-41E8-9A2C-2EDAB7335571}
	EndProjectSection
EndProject
Project("{FAE04EC0-301F-11D3-BF4B-00C04F79EFBC}") = "Provider.BL", "Provider.BL\Provider.BL.csproj", "{F9A49EA3-2C6A-4F7E-A9AC-8D4FC874BD78}"
	ProjectSection(ProjectDependencies) = postProject
		{21CF9E8F-A20D-4F64-AD08-44659086407D} = {21CF9E8F-A20D-4F64-AD08-44659086407D}
		{8CD028F5-3F76-41E8-9A2C-2EDAB7335571} = {8CD028F5-3F76-41E8-9A2C-2EDAB7335571}
	EndProjectSection
EndProject
Project("{FAE04EC0-301F-11D3-BF4B-00C04F79EFBC}") = "Provider.Data", "Provider.Data\Provider.Data.csproj", "{21CF9E8F-A20D-4F64-AD08-44659086407D}"
	ProjectSection(ProjectDependencies) = postProject
		{8CD028F5-3F76-41E8-9A2C-2EDAB7335571} = {8CD028F5-3F76-41E8-9A2C-2EDAB7335571}
	EndProjectSection
EndProject
Project("{FAE04EC0-301F-11D3-BF4B-00C04F79EFBC}") = "Provider.Defs", "Provider.Defs\Provider.Defs.csproj", "{8CD028F5-3F76-41E8-9A2C-2EDAB7335571}"
EndProject
Project("{FAE04EC0-301F-11D3-BF4B-00C04F79EFBC}") = "Provider.Web", "Provider.Web\Provider.Web.csproj", "{71FD19B0-D96F-4D59-889A-95A4CDA97B4B}"
	ProjectSection(ProjectDependencies) = postProject
		{8CD028F5-3F76-41E8-9A2C-2EDAB7335571} = {8CD028F5-3F76-41E8-9A2C-2EDAB7335571}
	EndProjectSection
EndProject
Project("{FAE04EC0-301F-11D3-BF4B-00C04F79EFBC}") = "Provider.Web.Tests", "Provider.Web.Tests\Provider.Web.Tests.csproj", "{27CDF314-F321-486D-822B-E3B356F5FFB8}"
EndProject
Global
	GlobalSection(SolutionConfigurationPlatforms) = preSolution
		Debug|Any CPU = Debug|Any CPU
		Release|Any CPU = Release|Any CPU
	EndGlobalSection
	GlobalSection(ProjectConfigurationPlatforms) = postSolution
		{AFA53C5D-FCC3-474A-BCE1-50FF9D97B82E}.Debug|Any CPU.ActiveCfg = Debug|Any CPU
		{AFA53C5D-FCC3-474A-BCE1-50FF9D97B82E}.Debug|Any CPU.Build.0 = Debug|Any CPU
		{AFA53C5D-FCC3-474A-BCE1-50FF9D97B82E}.Release|Any CPU.ActiveCfg = Release|Any CPU
		{AFA53C5D-FCC3-474A-BCE1-50FF9D97B82E}.Release|Any CPU.Build.0 = Release|Any CPU
		{F9A49EA3-2C6A-4F7E-A9AC-8D4FC874BD78}.Debug|Any CPU.ActiveCfg = Debug|Any CPU
		{F9A49EA3-2C6A-4F7E-A9AC-8D4FC874BD78}.Debug|Any CPU.Build.0 = Debug|Any CPU
		{F9A49EA3-2C6A-4F7E-A9AC-8D4FC874BD78}.Release|Any CPU.ActiveCfg = Release|Any CPU
		{F9A49EA3-2C6A-4F7E-A9AC-8D4FC874BD78}.Release|Any CPU.Build.0 = Release|Any CPU
		{21CF9E8F-A20D-4F64-AD08-44659086407D}.Debug|Any CPU.ActiveCfg = Debug|Any CPU
		{21CF9E8F-A20D-4F64-AD08-44659086407D}.Debug|Any CPU.Build.0 = Debug|Any CPU
		{21CF9E8F-A20D-4F64-AD08-44659086407D}.Release|Any CPU.ActiveCfg = Release|Any CPU
		{21CF9E8F-A20D-4F64-AD08-44659086407D}.Release|Any CPU.Build.0 = Release|Any CPU
		{8CD028F5-3F76-41E8-9A2C-2EDAB7335571}.Debug|Any CPU.ActiveCfg = Debug|Any CPU
		{8CD028F5-3F76-41E8-9A2C-2EDAB7335571}.Debug|Any CPU.Build.0 = Debug|Any CPU
		{8CD028F5-3F76-41E8-9A2C-2EDAB7335571}.Release|Any CPU.ActiveCfg = Release|Any CPU
		{8CD028F5-3F76-41E8-9A2C-2EDAB7335571}.Release|Any CPU.Build.0 = Release|Any CPU
		{71FD19B0-D96F-4D59-889A-95A4CDA97B4B}.Debug|Any CPU.ActiveCfg = Debug|Any CPU
		{71FD19B0-D96F-4D59-889A-95A4CDA97B4B}.Debug|Any CPU.Build.0 = Debug|Any CPU
		{71FD19B0-D96F-4D59-889A-95A4CDA97B4B}.Release|Any CPU.ActiveCfg = Release|Any CPU
		{71FD19B0-D96F-4D59-889A-95A4CDA97B4B}.Release|Any CPU.Build.0 = Release|Any CPU
		{27CDF314-F321-486D-822B-E3B356F5FFB8}.Debug|Any CPU.ActiveCfg = Debug|Any CPU
		{27CDF314-F321-486D-822B-E3B356F5FFB8}.Debug|Any CPU.Build.0 = Debug|Any CPU
		{27CDF314-F321-486D-822B-E3B356F5FFB8}.Release|Any CPU.ActiveCfg = Release|Any CPU
		{27CDF314-F321-486D-822B-E3B356F5FFB8}.Release|Any CPU.Build.0 = Release|Any CPU
	EndGlobalSection
	GlobalSection(SolutionProperties) = preSolution
		HideSolutionNode = FALSE
	EndGlobalSection
EndGlobal
